{
  "name": "hello-sqlite",
  "version": "0.0.1",
  "lockfileVersion": 1,
  "requires": true,
  "dependencies": {
    "@discordjs/opus": {
      "version": "0.3.3",
      "requires": {
        "@discordjs/node-pre-gyp": "^0.1.0",
        "node-addon-api": "^3.0.2"
      }
    },
    "canvas": {
      "version": "2.6.1",
      "requires": {
        "nan": "^2.14.0",
        "node-pre-gyp": "^0.11.0",
        "simple-get": "^3.0.3"
      }
    },
    "detect-libc": {
      "version": "1.0.3"
    },
    "discord.js": {
      "version": "12.5.1",
      "requires": {
        "@discordjs/collection": "^0.1.6",
        "@discordjs/form-data": "^3.0.1",
        "abort-controller": "^3.0.0",
        "node-fetch": "^2.6.1",
        "prism-media": "^1.2.2",
        "setimmediate": "^1.0.5",
        "tweetnacl": "^1.0.3",
        "ws": "^7.3.1"
      }
    },
    "fs": {
      "version": "0.0.2"
    },
    "glob": {
      "version": "7.1.6",
      "requires": {
        "fs.realpath": "^1.0.0",
        "inflight": "^1.0.4",
        "inherits": "2",
        "minimatch": "^3.0.4",
        "once": "^1.3.0",
        "path-is-absolute": "^1.0.0"
      }
    },
    "js-yaml": {
      "version": "3.14.1",
      "requires": {
        "argparse": "^1.0.7",
        "esprima": "^4.0.0"
      }
    },
    "lyrics-finder": {
      "version": "21.7.0",
      "requires": {
        "encoding": "^0.1.13",
        "html-to-text": "^5.1.1",
        "node-fetch": "^2.6.0"
      }
    },
    "mkdirp": {
      "version": "0.5.5",
      "requires": {
        "minimist": "^1.2.5"
      }
    },
    "needle": {
      "version": "2.6.0",
      "requires": {
        "debug": "^3.2.6",
        "iconv-lite": "^0.4.4",
        "sax": "^1.2.4"
      }
    },
    "node-pre-gyp": {
      "version": "0.17.0",
      "resolved": "https://registry.npmjs.org/node-pre-gyp/-/node-pre-gyp-0.17.0.tgz",
      "integrity": "sha512-abzZt1hmOjkZez29ppg+5gGqdPLUuJeAEwVPtHYEJgx0qzttCbcKFpxrCQn2HYbwCv2c+7JwH4BgEzFkUGpn4A==",
      "requires": {
        "detect-libc": "^1.0.3",
        "mkdirp": "^0.5.5",
        "needle": "^2.5.2",
        "nopt": "^4.0.3",
        "npm-packlist": "^1.4.8",
        "npmlog": "^4.1.2",
        "rc": "^1.2.8",
        "rimraf": "^2.7.1",
        "semver": "^5.7.1",
        "tar": "^4.4.13"
      },
      "dependencies": {
        "chownr": {
          "version": "1.1.4",
          "resolved": "https://registry.npmjs.org/chownr/-/chownr-1.1.4.tgz",
          "integrity": "sha512-jJ0bqzaylmJtVnNgzTeSOs8DPavpbYgEr/b0YL8/2GO3xJEhInFmhKMUnEJQjZumK7KXGFhUy89PrsJWlakBVg=="
        },
        "fs-minipass": {
          "version": "1.2.7",
          "resolved": "https://registry.npmjs.org/fs-minipass/-/fs-minipass-1.2.7.tgz",
          "integrity": "sha512-GWSSJGFy4e9GUeCcbIkED+bgAoFyj7XF1mV8rma3QW4NIqX9Kyx79N/PF61H5udOV3aY1IaMLs6pGbH71nlCTA==",
          "requires": {
            "minipass": "^2.6.0"
          }
        },
        "minipass": {
          "version": "2.9.0",
          "resolved": "https://registry.npmjs.org/minipass/-/minipass-2.9.0.tgz",
          "integrity": "sha512-wxfUjg9WebH+CUDX/CdbRlh5SmfZiy/hpkxaRI16Y9W56Pa75sWgd/rvFilSgrauD9NyFymP/+JFV3KwzIsJeg==",
          "requires": {
            "safe-buffer": "^5.1.2",
            "yallist": "^3.0.0"
          }
        },
        "minizlib": {
          "version": "1.3.3",
          "resolved": "https://registry.npmjs.org/minizlib/-/minizlib-1.3.3.tgz",
          "integrity": "sha512-6ZYMOEnmVsdCeTJVE0W9ZD+pVnE8h9Hma/iOwwRDsdQoePpoX56/8B6z3P9VNwppJuBKNRuFDRNRqRWexT9G9Q==",
          "requires": {
            "minipass": "^2.9.0"
          }
        },
        "rimraf": {
          "version": "2.7.1",
          "resolved": "https://registry.npmjs.org/rimraf/-/rimraf-2.7.1.tgz",
          "integrity": "sha512-uWjbaKIK3T1OSVptzX7Nl6PvQ3qAGtKEtVRjRuazjfL3Bx5eI409VZSqgND+4UNnmzLVdPj9FqFJNPqBZFve4w==",
          "requires": {
            "glob": "^7.1.3"
          }
        },
        "semver": {
          "version": "5.7.1",
          "resolved": "https://registry.npmjs.org/semver/-/semver-5.7.1.tgz",
          "integrity": "sha512-sauaDf/PZdVgrLTNYHRtpXa1iRiKcaebiKQ1BJdpQlWH2lCvexQdX55snPFyK7QzpudqbCI0qXFfOasHdyNDGQ=="
        },
        "tar": {
          "version": "4.4.13",
          "resolved": "https://registry.npmjs.org/tar/-/tar-4.4.13.tgz",
          "integrity": "sha512-w2VwSrBoHa5BsSyH+KxEqeQBAllHhccyMFVHtGtdMpF4W7IRWfZjFiQceJPChOeTsSDVUpER2T8FA93pr0L+QA==",
          "requires": {
            "chownr": "^1.1.1",
            "fs-minipass": "^1.2.5",
            "minipass": "^2.8.6",
            "minizlib": "^1.2.1",
            "mkdirp": "^0.5.0",
            "safe-buffer": "^5.1.2",
            "yallist": "^3.0.3"
          }
        },
        "yallist": {
          "version": "3.1.1",
          "resolved": "https://registry.npmjs.org/yallist/-/yallist-3.1.1.tgz",
          "integrity": "sha512-a4UGQaWPH59mOXUYnAG2ewncQS4i4F43Tv3JoAM+s2VDAmS9NsK8GpDMLrCHPksFT7h3K6TOoUNn2pb7RoXx4g=="
        }
      }
    },
    "nopt": {
      "version": "4.0.3",
      "requires": {
        "abbrev": "1",
        "osenv": "^0.1.4"
      }
    },
    "npm-packlist": {
      "version": "1.4.8",
      "requires": {
        "ignore-walk": "^3.0.1",
        "npm-bundled": "^1.0.1",
        "npm-normalize-package-bin": "^1.0.1"
      }
    },
    "npmlog": {
      "version": "4.1.2",
      "requires": {
        "are-we-there-yet": "~1.1.2",
        "console-control-strings": "~1.1.0",
        "gauge": "~2.7.3",
        "set-blocking": "~2.0.0"
      }
    },
    "parse-ms": {
      "version": "2.1.0"
    },
    "rc": {
      "version": "1.2.8",
      "requires": {
        "deep-extend": "^0.6.0",
        "ini": "~1.3.0",
        "minimist": "^1.2.0",
        "strip-json-comments": "~2.0.1"
      }
    },
    "safe-buffer": {
      "version": "5.2.1"
    },
    "simple-youtube-api": {
      "version": "5.2.1",
      "requires": {
        "iso8601-duration": "^1.2.0",
        "node-fetch": "^2.6.0"
      }
    },
    "snekfetch": {
      "version": "4.0.4"
    },
    "soundcloud-downloader": {
      "version": "0.2.4",
      "requires": {
        "@babel/runtime": "^7.10.3",
        "axios": "^0.21.0",
        "dotenv": "^8.2.0",
        "m3u8stream": "^0.8.0",
        "soundcloud-key-fetch": "^1.0.10"
      }
    },
    "string-progressbar": {
      "version": "1.0.1"
    },
    "yaml": {
      "version": "1.10.0"
    },
    "ytdl-core": {
      "version": "4.4.4",
      "requires": {
        "m3u8stream": "^0.8.3",
        "miniget": "^4.0.0",
        "sax": "^1.1.3"
      }
    },
    "ytdl-core-discord": {
      "version": "1.2.5",
      "requires": {
        "@types/node": "^14.14.14",
        "prism-media": "^1.2.3",
        "ytdl-core": "^4.2.1"
      }
    }
  }
}
